<?xml version="1.0" encoding="utf-8"?>
<Project ToolsVersion="4.0" xmlns="http://schemas.microsoft.com/developer/msbuild/2003">
  <ItemGroup>
    <Filter Include="Source Files">
      <UniqueIdentifier>{4FC737F1-C7A5-4376-A066-2A32D752A2FF}</UniqueIdentifier>
      <Extensions>cpp;c;cc;cxx;def;odl;idl;hpj;bat;asm;asmx</Extensions>
    </Filter>
    <Filter Include="Header Files">
      <UniqueIdentifier>{93995380-89BD-4b04-88EB-625FBE52EBFB}</UniqueIdentifier>
      <Extensions>h;hpp;hxx;hm;inl;inc;xsd</Extensions>
    </Filter>
    <Filter Include="Source Files\Threading">
      <UniqueIdentifier>{c40054e8-f19a-4d6a-9b2d-ab02d8083186}</UniqueIdentifier>
    </Filter>
    <Filter Include="Header Files\Threading">
      <UniqueIdentifier>{839771fb-c101-41d4-bd1c-f8c9d56767d7}</UniqueIdentifier>
    </Filter>
    <Filter Include="Header Files\Win32">
      <UniqueIdentifier>{282c02b1-a5f9-4649-b4eb-52d3e5f10e05}</UniqueIdentifier>
    </Filter>
    <Filter Include="Resources">
      <UniqueIdentifier>{3cf11d72-bb7d-43ec-8d62-82e8daaec092}</UniqueIdentifier>
    </Filter>
    <Filter Include="Source Files\Win32">
      <UniqueIdentifier>{33bc81ca-3c62-48d6-b0de-c343f6883d3f}</UniqueIdentifier>
    </Filter>
    <Filter Include="Header Files\Android">
      <UniqueIdentifier>{c0f29735-c0bf-45f4-9319-6eacb857afc8}</UniqueIdentifier>
    </Filter>
    <Filter Include="Header Files\GLX">
      <UniqueIdentifier>{ff031786-bedc-4a45-87c8-8cb5304ffa85}</UniqueIdentifier>
    </Filter>
    <Filter Include="Header Files\gtk">
      <UniqueIdentifier>{10a3319c-1377-496b-908c-bd19be68d5c6}</UniqueIdentifier>
    </Filter>
    <Filter Include="Header Files\iOS">
      <UniqueIdentifier>{dfee58bf-648b-4e54-b364-cbd180bdabbd}</UniqueIdentifier>
    </Filter>
    <Filter Include="Header Files\iPhone">
      <UniqueIdentifier>{834469e3-6f9f-4348-a359-fc97e39008c4}</UniqueIdentifier>
    </Filter>
    <Filter Include="Header Files\NaCl">
      <UniqueIdentifier>{2ffcb606-806f-4447-b538-44526a265daa}</UniqueIdentifier>
    </Filter>
    <Filter Include="Header Files\OSX">
      <UniqueIdentifier>{72c64c7f-2d14-48bf-af96-6985277a081c}</UniqueIdentifier>
    </Filter>
    <Filter Include="Header Files\Symbian">
      <UniqueIdentifier>{d51d6ed9-c522-4e6a-ba12-ffb2185111c6}</UniqueIdentifier>
    </Filter>
    <Filter Include="Source Files\Android">
      <UniqueIdentifier>{4022d458-7c27-4159-bdef-e36385fe5a61}</UniqueIdentifier>
    </Filter>
    <Filter Include="Source Files\GLX">
      <UniqueIdentifier>{7088fabf-3e1d-4d11-aca6-8ddbd7546411}</UniqueIdentifier>
    </Filter>
    <Filter Include="Source Files\gtk">
      <UniqueIdentifier>{8775ef58-1b6d-452f-8fe7-4cc80bca9d4e}</UniqueIdentifier>
    </Filter>
    <Filter Include="Source Files\iOS">
      <UniqueIdentifier>{e7e227ef-490f-4350-bd26-898a7b6e4c69}</UniqueIdentifier>
    </Filter>
    <Filter Include="Source Files\NaCl">
      <UniqueIdentifier>{4fc7ff68-8d62-4eec-b35f-14d61bf0e1b2}</UniqueIdentifier>
    </Filter>
    <Filter Include="Source Files\nedmalloc">
      <UniqueIdentifier>{7a34fa54-f7bf-4f3f-b90f-7da6a4bf70a9}</UniqueIdentifier>
    </Filter>
    <Filter Include="Source Files\OSX">
      <UniqueIdentifier>{ef7a94ee-892f-457b-91e9-8a5f71f4325d}</UniqueIdentifier>
    </Filter>
  </ItemGroup>
  <ItemGroup>
    <ClInclude Include="include\asm_math.h">
      <Filter>Header Files</Filter>
    </ClInclude>
    <ClInclude Include="include\Ogre.h">
      <Filter>Header Files</Filter>
    </ClInclude>
    <ClInclude Include="include\OgreAlignedAllocator.h">
      <Filter>Header Files</Filter>
    </ClInclude>
    <ClInclude Include="include\OgreAnimable.h">
      <Filter>Header Files</Filter>
    </ClInclude>
    <ClInclude Include="include\OgreAnimation.h">
      <Filter>Header Files</Filter>
    </ClInclude>
    <ClInclude Include="include\OgreAnimationState.h">
      <Filter>Header Files</Filter>
    </ClInclude>
    <ClInclude Include="include\OgreAnimationTrack.h">
      <Filter>Header Files</Filter>
    </ClInclude>
    <ClInclude Include="include\OgreAny.h">
      <Filter>Header Files</Filter>
    </ClInclude>
    <ClInclude Include="include\OgreArchive.h">
      <Filter>Header Files</Filter>
    </ClInclude>
    <ClInclude Include="include\OgreArchiveFactory.h">
      <Filter>Header Files</Filter>
    </ClInclude>
    <ClInclude Include="include\OgreArchiveManager.h">
      <Filter>Header Files</Filter>
    </ClInclude>
    <ClInclude Include="include\OgreAtomicWrappers.h">
      <Filter>Header Files</Filter>
    </ClInclude>
    <ClInclude Include="include\OgreAutoParamDataSource.h">
      <Filter>Header Files</Filter>
    </ClInclude>
    <ClInclude Include="include\OgreAxisAlignedBox.h">
      <Filter>Header Files</Filter>
    </ClInclude>
    <ClInclude Include="include\OgreBillboard.h">
      <Filter>Header Files</Filter>
    </ClInclude>
    <ClInclude Include="include\OgreBillboardChain.h">
      <Filter>Header Files</Filter>
    </ClInclude>
    <ClInclude Include="include\OgreBillboardParticleRenderer.h">
      <Filter>Header Files</Filter>
    </ClInclude>
    <ClInclude Include="include\OgreBillboardSet.h">
      <Filter>Header Files</Filter>
    </ClInclude>
    <ClInclude Include="include\OgreBitwise.h">
      <Filter>Header Files</Filter>
    </ClInclude>
    <ClInclude Include="include\OgreBlendMode.h">
      <Filter>Header Files</Filter>
    </ClInclude>
    <ClInclude Include="include\OgreBone.h">
      <Filter>Header Files</Filter>
    </ClInclude>
    <ClInclude Include="include\OgreBorderPanelOverlayElement.h">
      <Filter>Header Files</Filter>
    </ClInclude>
    <ClInclude Include="include\OgreCamera.h">
      <Filter>Header Files</Filter>
    </ClInclude>
    <ClInclude Include="include\OgreCodec.h">
      <Filter>Header Files</Filter>
    </ClInclude>
    <ClInclude Include="include\OgreColourValue.h">
      <Filter>Header Files</Filter>
    </ClInclude>
    <ClInclude Include="include\OgreCommon.h">
      <Filter>Header Files</Filter>
    </ClInclude>
    <ClInclude Include="include\OgreCompositionPass.h">
      <Filter>Header Files</Filter>
    </ClInclude>
    <ClInclude Include="include\OgreCompositionTargetPass.h">
      <Filter>Header Files</Filter>
    </ClInclude>
    <ClInclude Include="include\OgreCompositionTechnique.h">
      <Filter>Header Files</Filter>
    </ClInclude>
    <ClInclude Include="include\OgreCompositor.h">
      <Filter>Header Files</Filter>
    </ClInclude>
    <ClInclude Include="include\OgreCompositorChain.h">
      <Filter>Header Files</Filter>
    </ClInclude>
    <ClInclude Include="include\OgreCompositorInstance.h">
      <Filter>Header Files</Filter>
    </ClInclude>
    <ClInclude Include="include\OgreCompositorLogic.h">
      <Filter>Header Files</Filter>
    </ClInclude>
    <ClInclude Include="include\OgreCompositorManager.h">
      <Filter>Header Files</Filter>
    </ClInclude>
    <ClInclude Include="include\OgreConfig.h">
      <Filter>Header Files</Filter>
    </ClInclude>
    <ClInclude Include="include\OgreConfigDialog.h">
      <Filter>Header Files</Filter>
    </ClInclude>
    <ClInclude Include="include\OgreConfigFile.h">
      <Filter>Header Files</Filter>
    </ClInclude>
    <ClInclude Include="include\OgreConfigOptionMap.h">
      <Filter>Header Files</Filter>
    </ClInclude>
    <ClInclude Include="include\OgreController.h">
      <Filter>Header Files</Filter>
    </ClInclude>
    <ClInclude Include="include\OgreControllerManager.h">
      <Filter>Header Files</Filter>
    </ClInclude>
    <ClInclude Include="include\OgreConvexBody.h">
      <Filter>Header Files</Filter>
    </ClInclude>
    <ClInclude Include="include\OgreCustomCompositionPass.h">
      <Filter>Header Files</Filter>
    </ClInclude>
    <ClInclude Include="include\OgreDataStream.h">
      <Filter>Header Files</Filter>
    </ClInclude>
    <ClInclude Include="include\OgreDDSCodec.h">
      <Filter>Header Files</Filter>
    </ClInclude>
    <ClInclude Include="include\OgreDefaultHardwareBufferManager.h">
      <Filter>Header Files</Filter>
    </ClInclude>
    <ClInclude Include="include\OgreDistanceLodStrategy.h">
      <Filter>Header Files</Filter>
    </ClInclude>
    <ClInclude Include="include\OgreDynLib.h">
      <Filter>Header Files</Filter>
    </ClInclude>
    <ClInclude Include="include\OgreDynLibManager.h">
      <Filter>Header Files</Filter>
    </ClInclude>
    <ClInclude Include="include\OgreEdgeListBuilder.h">
      <Filter>Header Files</Filter>
    </ClInclude>
    <ClInclude Include="include\OgreEntity.h">
      <Filter>Header Files</Filter>
    </ClInclude>
    <ClInclude Include="include\OgreErrorDialog.h">
      <Filter>Header Files</Filter>
    </ClInclude>
    <ClInclude Include="include\OgreException.h">
      <Filter>Header Files</Filter>
    </ClInclude>
    <ClInclude Include="include\OgreExternalTextureSource.h">
      <Filter>Header Files</Filter>
    </ClInclude>
    <ClInclude Include="include\OgreExternalTextureSourceManager.h">
      <Filter>Header Files</Filter>
    </ClInclude>
    <ClInclude Include="include\OgreFactoryObj.h">
      <Filter>Header Files</Filter>
    </ClInclude>
    <ClInclude Include="include\OgreFileSystem.h">
      <Filter>Header Files</Filter>
    </ClInclude>
    <ClInclude Include="include\OgreFont.h">
      <Filter>Header Files</Filter>
    </ClInclude>
    <ClInclude Include="include\OgreFontManager.h">
      <Filter>Header Files</Filter>
    </ClInclude>
    <ClInclude Include="include\OgreFrameListener.h">
      <Filter>Header Files</Filter>
    </ClInclude>
    <ClInclude Include="include\OgreFreeImageCodec.h">
      <Filter>Header Files</Filter>
    </ClInclude>
    <ClInclude Include="include\OgreFrustum.h">
      <Filter>Header Files</Filter>
    </ClInclude>
    <ClInclude Include="include\OgreGpuProgram.h">
      <Filter>Header Files</Filter>
    </ClInclude>
    <ClInclude Include="include\OgreGpuProgramManager.h">
      <Filter>Header Files</Filter>
    </ClInclude>
    <ClInclude Include="include\OgreGpuProgramParams.h">
      <Filter>Header Files</Filter>
    </ClInclude>
    <ClInclude Include="include\OgreGpuProgramUsage.h">
      <Filter>Header Files</Filter>
    </ClInclude>
    <ClInclude Include="include\OgreHardwareBuffer.h">
      <Filter>Header Files</Filter>
    </ClInclude>
    <ClInclude Include="include\OgreHardwareBufferManager.h">
      <Filter>Header Files</Filter>
    </ClInclude>
    <ClInclude Include="include\OgreHardwareIndexBuffer.h">
      <Filter>Header Files</Filter>
    </ClInclude>
    <ClInclude Include="include\OgreHardwareOcclusionQuery.h">
      <Filter>Header Files</Filter>
    </ClInclude>
    <ClInclude Include="include\OgreHardwarePixelBuffer.h">
      <Filter>Header Files</Filter>
    </ClInclude>
    <ClInclude Include="include\OgreHardwareVertexBuffer.h">
      <Filter>Header Files</Filter>
    </ClInclude>
    <ClInclude Include="include\OgreHeaderPrefix.h">
      <Filter>Header Files</Filter>
    </ClInclude>
    <ClInclude Include="include\OgreHeaderSuffix.h">
      <Filter>Header Files</Filter>
    </ClInclude>
    <ClInclude Include="include\OgreHighLevelGpuProgram.h">
      <Filter>Header Files</Filter>
    </ClInclude>
    <ClInclude Include="include\OgreHighLevelGpuProgramManager.h">
      <Filter>Header Files</Filter>
    </ClInclude>
    <ClInclude Include="include\OgreILCodecs.h">
      <Filter>Header Files</Filter>
    </ClInclude>
    <ClInclude Include="include\OgreILImageCodec.h">
      <Filter>Header Files</Filter>
    </ClInclude>
    <ClInclude Include="include\OgreILUtil.h">
      <Filter>Header Files</Filter>
    </ClInclude>
    <ClInclude Include="include\OgreImage.h">
      <Filter>Header Files</Filter>
    </ClInclude>
    <ClInclude Include="include\OgreImageCodec.h">
      <Filter>Header Files</Filter>
    </ClInclude>
    <ClInclude Include="include\OgreInstancedGeometry.h">
      <Filter>Header Files</Filter>
    </ClInclude>
    <ClInclude Include="include\OgreIteratorRange.h">
      <Filter>Header Files</Filter>
    </ClInclude>
    <ClInclude Include="include\OgreIteratorWrapper.h">
      <Filter>Header Files</Filter>
    </ClInclude>
    <ClInclude Include="include\OgreIteratorWrappers.h">
      <Filter>Header Files</Filter>
    </ClInclude>
    <ClInclude Include="include\OgreKeyFrame.h">
      <Filter>Header Files</Filter>
    </ClInclude>
    <ClInclude Include="include\OgreLight.h">
      <Filter>Header Files</Filter>
    </ClInclude>
    <ClInclude Include="include\OgreLodListener.h">
      <Filter>Header Files</Filter>
    </ClInclude>
    <ClInclude Include="include\OgreLodStrategy.h">
      <Filter>Header Files</Filter>
    </ClInclude>
    <ClInclude Include="include\OgreLodStrategyManager.h">
      <Filter>Header Files</Filter>
    </ClInclude>
    <ClInclude Include="include\OgreLog.h">
      <Filter>Header Files</Filter>
    </ClInclude>
    <ClInclude Include="include\OgreLogManager.h">
      <Filter>Header Files</Filter>
    </ClInclude>
    <ClInclude Include="include\OgreManualObject.h">
      <Filter>Header Files</Filter>
    </ClInclude>
    <ClInclude Include="include\OgreMaterial.h">
      <Filter>Header Files</Filter>
    </ClInclude>
    <ClInclude Include="include\OgreMaterialManager.h">
      <Filter>Header Files</Filter>
    </ClInclude>
    <ClInclude Include="include\OgreMaterialSerializer.h">
      <Filter>Header Files</Filter>
    </ClInclude>
    <ClInclude Include="include\OgreMath.h">
      <Filter>Header Files</Filter>
    </ClInclude>
    <ClInclude Include="include\OgreMatrix3.h">
      <Filter>Header Files</Filter>
    </ClInclude>
    <ClInclude Include="include\OgreMatrix4.h">
      <Filter>Header Files</Filter>
    </ClInclude>
    <ClInclude Include="include\OgreMemoryAllocatedObject.h">
      <Filter>Header Files</Filter>
    </ClInclude>
    <ClInclude Include="include\OgreMemoryAllocatorConfig.h">
      <Filter>Header Files</Filter>
    </ClInclude>
    <ClInclude Include="include\OgreMemoryNedAlloc.h">
      <Filter>Header Files</Filter>
    </ClInclude>
    <ClInclude Include="include\OgreMemoryNedPooling.h">
      <Filter>Header Files</Filter>
    </ClInclude>
    <ClInclude Include="include\OgreMemoryStdAlloc.h">
      <Filter>Header Files</Filter>
    </ClInclude>
    <ClInclude Include="include\OgreMemorySTLAllocator.h">
      <Filter>Header Files</Filter>
    </ClInclude>
    <ClInclude Include="include\OgreMemoryTracker.h">
      <Filter>Header Files</Filter>
    </ClInclude>
    <ClInclude Include="include\OgreMesh.h">
      <Filter>Header Files</Filter>
    </ClInclude>
    <ClInclude Include="include\OgreMeshFileFormat.h">
      <Filter>Header Files</Filter>
    </ClInclude>
    <ClInclude Include="include\OgreMeshManager.h">
      <Filter>Header Files</Filter>
    </ClInclude>
    <ClInclude Include="include\OgreMeshSerializer.h">
      <Filter>Header Files</Filter>
    </ClInclude>
    <ClInclude Include="include\OgreMeshSerializerImpl.h">
      <Filter>Header Files</Filter>
    </ClInclude>
    <ClInclude Include="include\OgreMovableObject.h">
      <Filter>Header Files</Filter>
    </ClInclude>
    <ClInclude Include="include\OgreMovablePlane.h">
      <Filter>Header Files</Filter>
    </ClInclude>
    <ClInclude Include="include\OgreNode.h">
      <Filter>Header Files</Filter>
    </ClInclude>
    <ClInclude Include="include\OgreNumerics.h">
      <Filter>Header Files</Filter>
    </ClInclude>
    <ClInclude Include="include\OgreOptimisedUtil.h">
      <Filter>Header Files</Filter>
    </ClInclude>
    <ClInclude Include="include\OgreOverlay.h">
      <Filter>Header Files</Filter>
    </ClInclude>
    <ClInclude Include="include\OgreOverlayContainer.h">
      <Filter>Header Files</Filter>
    </ClInclude>
    <ClInclude Include="include\OgreOverlayElement.h">
      <Filter>Header Files</Filter>
    </ClInclude>
    <ClInclude Include="include\OgreOverlayElementCommands.h">
      <Filter>Header Files</Filter>
    </ClInclude>
    <ClInclude Include="include\OgreOverlayElementFactory.h">
      <Filter>Header Files</Filter>
    </ClInclude>
    <ClInclude Include="include\OgreOverlayManager.h">
      <Filter>Header Files</Filter>
    </ClInclude>
    <ClInclude Include="include\OgrePanelOverlayElement.h">
      <Filter>Header Files</Filter>
    </ClInclude>
    <ClInclude Include="include\OgreParticle.h">
      <Filter>Header Files</Filter>
    </ClInclude>
    <ClInclude Include="include\OgreParticleAffector.h">
      <Filter>Header Files</Filter>
    </ClInclude>
    <ClInclude Include="include\OgreParticleAffectorFactory.h">
      <Filter>Header Files</Filter>
    </ClInclude>
    <ClInclude Include="include\OgreParticleEmitter.h">
      <Filter>Header Files</Filter>
    </ClInclude>
    <ClInclude Include="include\OgreParticleEmitterCommands.h">
      <Filter>Header Files</Filter>
    </ClInclude>
    <ClInclude Include="include\OgreParticleEmitterFactory.h">
      <Filter>Header Files</Filter>
    </ClInclude>
    <ClInclude Include="include\OgreParticleIterator.h">
      <Filter>Header Files</Filter>
    </ClInclude>
    <ClInclude Include="include\OgreParticleScriptCompiler.h">
      <Filter>Header Files</Filter>
    </ClInclude>
    <ClInclude Include="include\OgreParticleSystem.h">
      <Filter>Header Files</Filter>
    </ClInclude>
    <ClInclude Include="include\OgreParticleSystemManager.h">
      <Filter>Header Files</Filter>
    </ClInclude>
    <ClInclude Include="include\OgreParticleSystemRenderer.h">
      <Filter>Header Files</Filter>
    </ClInclude>
    <ClInclude Include="include\OgrePass.h">
      <Filter>Header Files</Filter>
    </ClInclude>
    <ClInclude Include="include\OgrePatchMesh.h">
      <Filter>Header Files</Filter>
    </ClInclude>
    <ClInclude Include="include\OgrePatchSurface.h">
      <Filter>Header Files</Filter>
    </ClInclude>
    <ClInclude Include="include\OgrePixelCountLodStrategy.h">
      <Filter>Header Files</Filter>
    </ClInclude>
    <ClInclude Include="include\OgrePixelFormat.h">
      <Filter>Header Files</Filter>
    </ClInclude>
    <ClInclude Include="include\OgrePlane.h">
      <Filter>Header Files</Filter>
    </ClInclude>
    <ClInclude Include="include\OgrePlaneBoundedVolume.h">
      <Filter>Header Files</Filter>
    </ClInclude>
    <ClInclude Include="include\OgrePlatform.h">
      <Filter>Header Files</Filter>
    </ClInclude>
    <ClInclude Include="include\OgrePlatformInformation.h">
      <Filter>Header Files</Filter>
    </ClInclude>
    <ClInclude Include="include\OgrePlugin.h">
      <Filter>Header Files</Filter>
    </ClInclude>
    <ClInclude Include="include\OgrePolygon.h">
      <Filter>Header Files</Filter>
    </ClInclude>
    <ClInclude Include="include\OgrePose.h">
      <Filter>Header Files</Filter>
    </ClInclude>
    <ClInclude Include="include\OgrePredefinedControllers.h">
      <Filter>Header Files</Filter>
    </ClInclude>
    <ClInclude Include="include\OgrePrefabFactory.h">
      <Filter>Header Files</Filter>
    </ClInclude>
    <ClInclude Include="include\OgrePrerequisites.h">
      <Filter>Header Files</Filter>
    </ClInclude>
    <ClInclude Include="include\OgreProfiler.h">
      <Filter>Header Files</Filter>
    </ClInclude>
    <ClInclude Include="include\OgreProgressiveMesh.h">
      <Filter>Header Files</Filter>
    </ClInclude>
    <ClInclude Include="include\OgrePVRTCCodec.h">
      <Filter>Header Files</Filter>
    </ClInclude>
    <ClInclude Include="include\OgreQuaternion.h">
      <Filter>Header Files</Filter>
    </ClInclude>
    <ClInclude Include="include\OgreRadixSort.h">
      <Filter>Header Files</Filter>
    </ClInclude>
    <ClInclude Include="include\OgreRay.h">
      <Filter>Header Files</Filter>
    </ClInclude>
    <ClInclude Include="include\OgreRectangle.h">
      <Filter>Header Files</Filter>
    </ClInclude>
    <ClInclude Include="include\OgreRectangle2D.h">
      <Filter>Header Files</Filter>
    </ClInclude>
    <ClInclude Include="include\OgreRenderable.h">
      <Filter>Header Files</Filter>
    </ClInclude>
    <ClInclude Include="include\OgreRenderObjectListener.h">
      <Filter>Header Files</Filter>
    </ClInclude>
    <ClInclude Include="include\OgreRenderOperation.h">
      <Filter>Header Files</Filter>
    </ClInclude>
    <ClInclude Include="include\OgreRenderQueue.h">
      <Filter>Header Files</Filter>
    </ClInclude>
    <ClInclude Include="include\OgreRenderQueueInvocation.h">
      <Filter>Header Files</Filter>
    </ClInclude>
    <ClInclude Include="include\OgreRenderQueueListener.h">
      <Filter>Header Files</Filter>
    </ClInclude>
    <ClInclude Include="include\OgreRenderQueueSortingGrouping.h">
      <Filter>Header Files</Filter>
    </ClInclude>
    <ClInclude Include="include\OgreRenderSystem.h">
      <Filter>Header Files</Filter>
    </ClInclude>
    <ClInclude Include="include\OgreRenderSystemCapabilities.h">
      <Filter>Header Files</Filter>
    </ClInclude>
    <ClInclude Include="include\OgreRenderSystemCapabilitiesManager.h">
      <Filter>Header Files</Filter>
    </ClInclude>
    <ClInclude Include="include\OgreRenderSystemCapabilitiesSerializer.h">
      <Filter>Header Files</Filter>
    </ClInclude>
    <ClInclude Include="include\OgreRenderTarget.h">
      <Filter>Header Files</Filter>
    </ClInclude>
    <ClInclude Include="include\OgreRenderTargetListener.h">
      <Filter>Header Files</Filter>
    </ClInclude>
    <ClInclude Include="include\OgreRenderTexture.h">
      <Filter>Header Files</Filter>
    </ClInclude>
    <ClInclude Include="include\OgreRenderToVertexBuffer.h">
      <Filter>Header Files</Filter>
    </ClInclude>
    <ClInclude Include="include\OgreRenderWindow.h">
      <Filter>Header Files</Filter>
    </ClInclude>
    <ClInclude Include="include\OgreResource.h">
      <Filter>Header Files</Filter>
    </ClInclude>
    <ClInclude Include="include\OgreResourceBackgroundQueue.h">
      <Filter>Header Files</Filter>
    </ClInclude>
    <ClInclude Include="include\OgreResourceGroupManager.h">
      <Filter>Header Files</Filter>
    </ClInclude>
    <ClInclude Include="include\OgreResourceManager.h">
      <Filter>Header Files</Filter>
    </ClInclude>
    <ClInclude Include="include\OgreRibbonTrail.h">
      <Filter>Header Files</Filter>
    </ClInclude>
    <ClInclude Include="include\OgreRoot.h">
      <Filter>Header Files</Filter>
    </ClInclude>
    <ClInclude Include="include\OgreRotationalSpline.h">
      <Filter>Header Files</Filter>
    </ClInclude>
    <ClInclude Include="include\OgreSceneManager.h">
      <Filter>Header Files</Filter>
    </ClInclude>
    <ClInclude Include="include\OgreSceneManagerEnumerator.h">
      <Filter>Header Files</Filter>
    </ClInclude>
    <ClInclude Include="include\OgreSceneNode.h">
      <Filter>Header Files</Filter>
    </ClInclude>
    <ClInclude Include="include\OgreSceneQuery.h">
      <Filter>Header Files</Filter>
    </ClInclude>
    <ClInclude Include="include\OgreScriptCompiler.h">
      <Filter>Header Files</Filter>
    </ClInclude>
    <ClInclude Include="include\OgreScriptLexer.h">
      <Filter>Header Files</Filter>
    </ClInclude>
    <ClInclude Include="include\OgreScriptLoader.h">
      <Filter>Header Files</Filter>
    </ClInclude>
    <ClInclude Include="include\OgreScriptParser.h">
      <Filter>Header Files</Filter>
    </ClInclude>
    <ClInclude Include="include\OgreScriptTranslator.h">
      <Filter>Header Files</Filter>
    </ClInclude>
    <ClInclude Include="include\OgreSearchOps.h">
      <Filter>Header Files</Filter>
    </ClInclude>
    <ClInclude Include="include\OgreSerializer.h">
      <Filter>Header Files</Filter>
    </ClInclude>
    <ClInclude Include="include\OgreShadowCameraSetup.h">
      <Filter>Header Files</Filter>
    </ClInclude>
    <ClInclude Include="include\OgreShadowCameraSetupFocused.h">
      <Filter>Header Files</Filter>
    </ClInclude>
    <ClInclude Include="include\OgreShadowCameraSetupLiSPSM.h">
      <Filter>Header Files</Filter>
    </ClInclude>
    <ClInclude Include="include\OgreShadowCameraSetupPlaneOptimal.h">
      <Filter>Header Files</Filter>
    </ClInclude>
    <ClInclude Include="include\OgreShadowCameraSetupPSSM.h">
      <Filter>Header Files</Filter>
    </ClInclude>
    <ClInclude Include="include\OgreShadowCaster.h">
      <Filter>Header Files</Filter>
    </ClInclude>
    <ClInclude Include="include\OgreShadowTextureManager.h">
      <Filter>Header Files</Filter>
    </ClInclude>
    <ClInclude Include="include\OgreShadowVolumeExtrudeProgram.h">
      <Filter>Header Files</Filter>
    </ClInclude>
    <ClInclude Include="include\OgreSharedPtr.h">
      <Filter>Header Files</Filter>
    </ClInclude>
    <ClInclude Include="include\OgreSimpleRenderable.h">
      <Filter>Header Files</Filter>
    </ClInclude>
    <ClInclude Include="include\OgreSimpleSpline.h">
      <Filter>Header Files</Filter>
    </ClInclude>
    <ClInclude Include="include\OgreSingleton.h">
      <Filter>Header Files</Filter>
    </ClInclude>
    <ClInclude Include="include\OgreSkeleton.h">
      <Filter>Header Files</Filter>
    </ClInclude>
    <ClInclude Include="include\OgreSkeletonFileFormat.h">
      <Filter>Header Files</Filter>
    </ClInclude>
    <ClInclude Include="include\OgreSkeletonInstance.h">
      <Filter>Header Files</Filter>
    </ClInclude>
    <ClInclude Include="include\OgreSkeletonManager.h">
      <Filter>Header Files</Filter>
    </ClInclude>
    <ClInclude Include="include\OgreSkeletonSerializer.h">
      <Filter>Header Files</Filter>
    </ClInclude>
    <ClInclude Include="include\OgreSphere.h">
      <Filter>Header Files</Filter>
    </ClInclude>
    <ClInclude Include="include\OgreSpotShadowFadePng.h">
      <Filter>Header Files</Filter>
    </ClInclude>
    <ClInclude Include="include\OgreStableHeaders.h">
      <Filter>Header Files</Filter>
    </ClInclude>
    <ClInclude Include="include\OgreStaticFaceGroup.h">
      <Filter>Header Files</Filter>
    </ClInclude>
    <ClInclude Include="include\OgreStaticGeometry.h">
      <Filter>Header Files</Filter>
    </ClInclude>
    <ClInclude Include="include\OgreStdHeaders.h">
      <Filter>Header Files</Filter>
    </ClInclude>
    <ClInclude Include="include\OgreStreamSerialiser.h">
      <Filter>Header Files</Filter>
    </ClInclude>
    <ClInclude Include="include\OgreString.h">
      <Filter>Header Files</Filter>
    </ClInclude>
    <ClInclude Include="include\OgreStringConverter.h">
      <Filter>Header Files</Filter>
    </ClInclude>
    <ClInclude Include="include\OgreStringInterface.h">
      <Filter>Header Files</Filter>
    </ClInclude>
    <ClInclude Include="include\OgreStringVector.h">
      <Filter>Header Files</Filter>
    </ClInclude>
    <ClInclude Include="include\OgreSubEntity.h">
      <Filter>Header Files</Filter>
    </ClInclude>
    <ClInclude Include="include\OgreSubMesh.h">
      <Filter>Header Files</Filter>
    </ClInclude>
    <ClInclude Include="include\OgreTagPoint.h">
      <Filter>Header Files</Filter>
    </ClInclude>
    <ClInclude Include="include\OgreTangentSpaceCalc.h">
      <Filter>Header Files</Filter>
    </ClInclude>
    <ClInclude Include="include\OgreTechnique.h">
      <Filter>Header Files</Filter>
    </ClInclude>
    <ClInclude Include="include\OgreTextAreaOverlayElement.h">
      <Filter>Header Files</Filter>
    </ClInclude>
    <ClInclude Include="include\OgreTexture.h">
      <Filter>Header Files</Filter>
    </ClInclude>
    <ClInclude Include="include\OgreTextureManager.h">
      <Filter>Header Files</Filter>
    </ClInclude>
    <ClInclude Include="include\OgreTextureUnitState.h">
      <Filter>Header Files</Filter>
    </ClInclude>
    <ClInclude Include="include\OgreTimer.h">
      <Filter>Header Files</Filter>
    </ClInclude>
    <ClInclude Include="include\OgreUnifiedHighLevelGpuProgram.h">
      <Filter>Header Files</Filter>
    </ClInclude>
    <ClInclude Include="include\OgreUserObjectBindings.h">
      <Filter>Header Files</Filter>
    </ClInclude>
    <ClInclude Include="include\OgreUTFString.h">
      <Filter>Header Files</Filter>
    </ClInclude>
    <ClInclude Include="include\OgreVector2.h">
      <Filter>Header Files</Filter>
    </ClInclude>
    <ClInclude Include="include\OgreVector3.h">
      <Filter>Header Files</Filter>
    </ClInclude>
    <ClInclude Include="include\OgreVector4.h">
      <Filter>Header Files</Filter>
    </ClInclude>
    <ClInclude Include="include\OgreVertexBoneAssignment.h">
      <Filter>Header Files</Filter>
    </ClInclude>
    <ClInclude Include="include\OgreVertexIndexData.h">
      <Filter>Header Files</Filter>
    </ClInclude>
    <ClInclude Include="include\OgreViewport.h">
      <Filter>Header Files</Filter>
    </ClInclude>
    <ClInclude Include="include\OgreWindowEventUtilities.h">
      <Filter>Header Files</Filter>
    </ClInclude>
    <ClInclude Include="include\OgreWireBoundingBox.h">
      <Filter>Header Files</Filter>
    </ClInclude>
    <ClInclude Include="include\OgreWorkQueue.h">
      <Filter>Header Files</Filter>
    </ClInclude>
    <ClInclude Include="include\OgreZip.h">
      <Filter>Header Files</Filter>
    </ClInclude>
    <ClInclude Include="src\OgreImageResampler.h">
      <Filter>Source Files</Filter>
    </ClInclude>
    <ClInclude Include="src\OgrePixelConversions.h">
      <Filter>Source Files</Filter>
    </ClInclude>
    <ClInclude Include="src\OgreSIMDHelper.h">
      <Filter>Source Files</Filter>
    </ClInclude>
    <ClInclude Include="include\Threading\OgreDefaultWorkQueue.h">
      <Filter>Header Files\Threading</Filter>
    </ClInclude>
    <ClInclude Include="include\Threading\OgreDefaultWorkQueueStandard.h">
      <Filter>Header Files\Threading</Filter>
    </ClInclude>
    <ClInclude Include="include\Threading\OgreDefaultWorkQueueTBB.h">
      <Filter>Header Files\Threading</Filter>
    </ClInclude>
    <ClInclude Include="include\Threading\OgreThreadDefines.h">
      <Filter>Header Files\Threading</Filter>
    </ClInclude>
    <ClInclude Include="include\Threading\OgreThreadDefinesBoost.h">
      <Filter>Header Files\Threading</Filter>
    </ClInclude>
    <ClInclude Include="include\Threading\OgreThreadDefinesNone.h">
      <Filter>Header Files\Threading</Filter>
    </ClInclude>
    <ClInclude Include="include\Threading\OgreThreadDefinesPoco.h">
      <Filter>Header Files\Threading</Filter>
    </ClInclude>
    <ClInclude Include="include\Threading\OgreThreadDefinesTBB.h">
      <Filter>Header Files\Threading</Filter>
    </ClInclude>
    <ClInclude Include="include\Threading\OgreThreadHeaders.h">
      <Filter>Header Files\Threading</Filter>
    </ClInclude>
    <ClInclude Include="include\Threading\OgreThreadHeadersBoost.h">
      <Filter>Header Files\Threading</Filter>
    </ClInclude>
    <ClInclude Include="include\Threading\OgreThreadHeadersPoco.h">
      <Filter>Header Files\Threading</Filter>
    </ClInclude>
    <ClInclude Include="include\Threading\OgreThreadHeadersTBB.h">
      <Filter>Header Files\Threading</Filter>
    </ClInclude>
    <ClInclude Include="include\WIN32\OgreConfigDialogImp.h">
      <Filter>Header Files\Win32</Filter>
    </ClInclude>
    <ClInclude Include="include\WIN32\OgreErrorDialogImp.h">
      <Filter>Header Files\Win32</Filter>
    </ClInclude>
    <ClInclude Include="include\WIN32\OgreMinGWSupport.h">
      <Filter>Header Files\Win32</Filter>
    </ClInclude>
    <ClInclude Include="include\WIN32\OgreTimerImp.h">
      <Filter>Header Files\Win32</Filter>
    </ClInclude>
    <ClInclude Include="src\WIN32\resource.h">
      <Filter>Resources</Filter>
    </ClInclude>
    <ClInclude Include="src\WIN32\winres.h">
      <Filter>Resources</Filter>
    </ClInclude>
    <ClInclude Include="include\OgreBuildSettings.h">
      <Filter>Header Files</Filter>
    </ClInclude>
    <ClInclude Include="include\OgreDeflate.h">
      <Filter>Header Files</Filter>
    </ClInclude>
    <ClInclude Include="include\OgreDepthBuffer.h">
      <Filter>Header Files</Filter>
    </ClInclude>
    <ClInclude Include="include\OgreDualQuaternion.h">
      <Filter>Header Files</Filter>
    </ClInclude>
    <ClInclude Include="include\OgreInstanceBatch.h">
      <Filter>Header Files</Filter>
    </ClInclude>
    <ClInclude Include="include\OgreInstanceBatchHW.h">
      <Filter>Header Files</Filter>
    </ClInclude>
    <ClInclude Include="include\OgreInstanceBatchHW_VTF.h">
      <Filter>Header Files</Filter>
    </ClInclude>
    <ClInclude Include="include\OgreInstanceBatchShader.h">
      <Filter>Header Files</Filter>
    </ClInclude>
    <ClInclude Include="include\OgreInstanceBatchVTF.h">
      <Filter>Header Files</Filter>
    </ClInclude>
    <ClInclude Include="include\OgreInstancedEntity.h">
      <Filter>Header Files</Filter>
    </ClInclude>
    <ClInclude Include="include\OgreInstanceManager.h">
      <Filter>Header Files</Filter>
    </ClInclude>
    <ClInclude Include="include\OgreSmallVector.h">
      <Filter>Header Files</Filter>
    </ClInclude>
    <ClInclude Include="include\OgreStringSerialiser.h">
      <Filter>Header Files</Filter>
    </ClInclude>
    <ClInclude Include="include\Android\OgreConfigDialogImp.h">
      <Filter>Header Files\Android</Filter>
    </ClInclude>
    <ClInclude Include="include\Android\OgreErrorDialogImp.h">
      <Filter>Header Files\Android</Filter>
    </ClInclude>
    <ClInclude Include="include\Android\OgreTimerImp.h">
      <Filter>Header Files\Android</Filter>
    </ClInclude>
    <ClInclude Include="include\GLX\OgreConfigDialogImp.h">
      <Filter>Header Files\GLX</Filter>
    </ClInclude>
    <ClInclude Include="include\GLX\OgreErrorDialogImp.h">
      <Filter>Header Files\GLX</Filter>
    </ClInclude>
    <ClInclude Include="include\GLX\OgreTimerImp.h">
      <Filter>Header Files\GLX</Filter>
    </ClInclude>
    <ClInclude Include="include\gtk\OgreConfigDialogImp.h">
      <Filter>Header Files\gtk</Filter>
    </ClInclude>
    <ClInclude Include="include\gtk\OgreErrorDialogImp.h">
      <Filter>Header Files\gtk</Filter>
    </ClInclude>
    <ClInclude Include="include\iOS\config.h">
      <Filter>Header Files\iOS</Filter>
    </ClInclude>
    <ClInclude Include="include\iOS\macUtils.h">
      <Filter>Header Files\iOS</Filter>
    </ClInclude>
    <ClInclude Include="include\iOS\OgreConfigDialogImp.h">
      <Filter>Header Files\iOS</Filter>
    </ClInclude>
    <ClInclude Include="include\iOS\OgreErrorDialogImp.h">
      <Filter>Header Files\iOS</Filter>
    </ClInclude>
    <ClInclude Include="include\iOS\OgreOSXCocoaTouchView.h">
      <Filter>Header Files\iOS</Filter>
    </ClInclude>
    <ClInclude Include="include\iOS\OgreTimerImp.h">
      <Filter>Header Files\iOS</Filter>
    </ClInclude>
    <ClInclude Include="include\iPhone\config.h">
      <Filter>Header Files\iPhone</Filter>
    </ClInclude>
    <ClInclude Include="include\iPhone\macUtils.h">
      <Filter>Header Files\iPhone</Filter>
    </ClInclude>
    <ClInclude Include="include\iPhone\OgreConfigDialogImp.h">
      <Filter>Header Files\iPhone</Filter>
    </ClInclude>
    <ClInclude Include="include\iPhone\OgreErrorDialogImp.h">
      <Filter>Header Files\iPhone</Filter>
    </ClInclude>
    <ClInclude Include="include\iPhone\OgreOSXCocoaTouchView.h">
      <Filter>Header Files\iPhone</Filter>
    </ClInclude>
    <ClInclude Include="include\iPhone\OgreTimerImp.h">
      <Filter>Header Files\iPhone</Filter>
    </ClInclude>
    <ClInclude Include="include\NaCl\OgreConfigDialogImp.h">
      <Filter>Header Files\NaCl</Filter>
    </ClInclude>
    <ClInclude Include="include\NaCl\OgreErrorDialogImp.h">
      <Filter>Header Files\NaCl</Filter>
    </ClInclude>
    <ClInclude Include="include\NaCl\OgreTimerImp.h">
      <Filter>Header Files\NaCl</Filter>
    </ClInclude>
    <ClInclude Include="include\Symbian\OgreConfigDialogImp.h">
      <Filter>Header Files\Symbian</Filter>
    </ClInclude>
    <ClInclude Include="include\Symbian\OgreErrorDialogImp.h">
      <Filter>Header Files\Symbian</Filter>
    </ClInclude>
    <ClInclude Include="include\OSX\macUtils.h">
      <Filter>Header Files\OSX</Filter>
    </ClInclude>
    <ClInclude Include="include\OSX\OgreConfigDialogImp.h">
      <Filter>Header Files\OSX</Filter>
    </ClInclude>
    <ClInclude Include="include\OSX\OgreErrorDialogImp.h">
      <Filter>Header Files\OSX</Filter>
    </ClInclude>
    <ClInclude Include="include\OSX\OgreOSXCocoaView.h">
      <Filter>Header Files\OSX</Filter>
    </ClInclude>
    <ClInclude Include="include\OSX\OgreTimerImp.h">
      <Filter>Header Files\OSX</Filter>
    </ClInclude>
    <ClInclude Include="src\GLX\GLX_backdrop.h">
      <Filter>Source Files\GLX</Filter>
    </ClInclude>
    <ClInclude Include="src\gtk\GLX_backdrop.h">
      <Filter>Source Files\gtk</Filter>
    </ClInclude>
    <ClInclude Include="src\nedmalloc\malloc.c.h">
      <Filter>Source Files\nedmalloc</Filter>
    </ClInclude>
    <ClInclude Include="src\nedmalloc\nedmalloc.h">
      <Filter>Source Files\nedmalloc</Filter>
    </ClInclude>
  </ItemGroup>
  <ItemGroup>
    <ClCompile Include="src\OgreAlignedAllocator.cpp">
      <Filter>Source Files</Filter>
    </ClCompile>
    <ClCompile Include="src\OgreAnimable.cpp">
      <Filter>Source Files</Filter>
    </ClCompile>
    <ClCompile Include="src\OgreAnimation.cpp">
      <Filter>Source Files</Filter>
    </ClCompile>
    <ClCompile Include="src\OgreAnimationState.cpp">
      <Filter>Source Files</Filter>
    </ClCompile>
    <ClCompile Include="src\OgreAnimationTrack.cpp">
      <Filter>Source Files</Filter>
    </ClCompile>
    <ClCompile Include="src\OgreArchiveManager.cpp">
      <Filter>Source Files</Filter>
    </ClCompile>
    <ClCompile Include="src\OgreAutoParamDataSource.cpp">
      <Filter>Source Files</Filter>
    </ClCompile>
    <ClCompile Include="src\OgreAxisAlignedBox.cpp">
      <Filter>Source Files</Filter>
    </ClCompile>
    <ClCompile Include="src\OgreBillboard.cpp">
      <Filter>Source Files</Filter>
    </ClCompile>
    <ClCompile Include="src\OgreBillboardChain.cpp">
      <Filter>Source Files</Filter>
    </ClCompile>
    <ClCompile Include="src\OgreBillboardParticleRenderer.cpp">
      <Filter>Source Files</Filter>
    </ClCompile>
    <ClCompile Include="src\OgreBillboardSet.cpp">
      <Filter>Source Files</Filter>
    </ClCompile>
    <ClCompile Include="src\OgreBone.cpp">
      <Filter>Source Files</Filter>
    </ClCompile>
    <ClCompile Include="src\OgreBorderPanelOverlayElement.cpp">
      <Filter>Source Files</Filter>
    </ClCompile>
    <ClCompile Include="src\OgreCamera.cpp">
      <Filter>Source Files</Filter>
    </ClCompile>
    <ClCompile Include="src\OgreCodec.cpp">
      <Filter>Source Files</Filter>
    </ClCompile>
    <ClCompile Include="src\OgreColourValue.cpp">
      <Filter>Source Files</Filter>
    </ClCompile>
    <ClCompile Include="src\OgreCommon.cpp">
      <Filter>Source Files</Filter>
    </ClCompile>
    <ClCompile Include="src\OgreCompositionPass.cpp">
      <Filter>Source Files</Filter>
    </ClCompile>
    <ClCompile Include="src\OgreCompositionTargetPass.cpp">
      <Filter>Source Files</Filter>
    </ClCompile>
    <ClCompile Include="src\OgreCompositionTechnique.cpp">
      <Filter>Source Files</Filter>
    </ClCompile>
    <ClCompile Include="src\OgreCompositor.cpp">
      <Filter>Source Files</Filter>
    </ClCompile>
    <ClCompile Include="src\OgreCompositorChain.cpp">
      <Filter>Source Files</Filter>
    </ClCompile>
    <ClCompile Include="src\OgreCompositorInstance.cpp">
      <Filter>Source Files</Filter>
    </ClCompile>
    <ClCompile Include="src\OgreCompositorManager.cpp">
      <Filter>Source Files</Filter>
    </ClCompile>
    <ClCompile Include="src\OgreConfigFile.cpp">
      <Filter>Source Files</Filter>
    </ClCompile>
    <ClCompile Include="src\OgreControllerManager.cpp">
      <Filter>Source Files</Filter>
    </ClCompile>
    <ClCompile Include="src\OgreConvexBody.cpp">
      <Filter>Source Files</Filter>
    </ClCompile>
    <ClCompile Include="src\OgreDataStream.cpp">
      <Filter>Source Files</Filter>
    </ClCompile>
    <ClCompile Include="src\OgreDDSCodec.cpp">
      <Filter>Source Files</Filter>
    </ClCompile>
    <ClCompile Include="src\OgreDefaultHardwareBufferManager.cpp">
      <Filter>Source Files</Filter>
    </ClCompile>
    <ClCompile Include="src\OgreDefaultSceneQueries.cpp">
      <Filter>Source Files</Filter>
    </ClCompile>
    <ClCompile Include="src\OgreDistanceLodStrategy.cpp">
      <Filter>Source Files</Filter>
    </ClCompile>
    <ClCompile Include="src\OgreDynLib.cpp">
      <Filter>Source Files</Filter>
    </ClCompile>
    <ClCompile Include="src\OgreDynLibManager.cpp">
      <Filter>Source Files</Filter>
    </ClCompile>
    <ClCompile Include="src\OgreEdgeListBuilder.cpp">
      <Filter>Source Files</Filter>
    </ClCompile>
    <ClCompile Include="src\OgreEntity.cpp">
      <Filter>Source Files</Filter>
    </ClCompile>
    <ClCompile Include="src\OgreException.cpp">
      <Filter>Source Files</Filter>
    </ClCompile>
    <ClCompile Include="src\OgreExternalTextureSource.cpp">
      <Filter>Source Files</Filter>
    </ClCompile>
    <ClCompile Include="src\OgreExternalTextureSourceManager.cpp">
      <Filter>Source Files</Filter>
    </ClCompile>
    <ClCompile Include="src\OgreFileSystem.cpp">
      <Filter>Source Files</Filter>
    </ClCompile>
    <ClCompile Include="src\OgreFont.cpp">
      <Filter>Source Files</Filter>
    </ClCompile>
    <ClCompile Include="src\OgreFontManager.cpp">
      <Filter>Source Files</Filter>
    </ClCompile>
    <ClCompile Include="src\OgreFreeImageCodec.cpp">
      <Filter>Source Files</Filter>
    </ClCompile>
    <ClCompile Include="src\OgreFrustum.cpp">
      <Filter>Source Files</Filter>
    </ClCompile>
    <ClCompile Include="src\OgreGpuProgram.cpp">
      <Filter>Source Files</Filter>
    </ClCompile>
    <ClCompile Include="src\OgreGpuProgramManager.cpp">
      <Filter>Source Files</Filter>
    </ClCompile>
    <ClCompile Include="src\OgreGpuProgramParams.cpp">
      <Filter>Source Files</Filter>
    </ClCompile>
    <ClCompile Include="src\OgreGpuProgramUsage.cpp">
      <Filter>Source Files</Filter>
    </ClCompile>
    <ClCompile Include="src\OgreHardwareBufferManager.cpp">
      <Filter>Source Files</Filter>
    </ClCompile>
    <ClCompile Include="src\OgreHardwareIndexBuffer.cpp">
      <Filter>Source Files</Filter>
    </ClCompile>
    <ClCompile Include="src\OgreHardwareOcclusionQuery.cpp">
      <Filter>Source Files</Filter>
    </ClCompile>
    <ClCompile Include="src\OgreHardwarePixelBuffer.cpp">
      <Filter>Source Files</Filter>
    </ClCompile>
    <ClCompile Include="src\OgreHardwareVertexBuffer.cpp">
      <Filter>Source Files</Filter>
    </ClCompile>
    <ClCompile Include="src\OgreHighLevelGpuProgram.cpp">
      <Filter>Source Files</Filter>
    </ClCompile>
    <ClCompile Include="src\OgreHighLevelGpuProgramManager.cpp">
      <Filter>Source Files</Filter>
    </ClCompile>
    <ClCompile Include="src\OgreILCodecs.cpp">
      <Filter>Source Files</Filter>
    </ClCompile>
    <ClCompile Include="src\OgreILImageCodec.cpp">
      <Filter>Source Files</Filter>
    </ClCompile>
    <ClCompile Include="src\OgreILUtil.cpp">
      <Filter>Source Files</Filter>
    </ClCompile>
    <ClCompile Include="src\OgreImage.cpp">
      <Filter>Source Files</Filter>
    </ClCompile>
    <ClCompile Include="src\OgreInstancedGeometry.cpp">
      <Filter>Source Files</Filter>
    </ClCompile>
    <ClCompile Include="src\OgreKeyFrame.cpp">
      <Filter>Source Files</Filter>
    </ClCompile>
    <ClCompile Include="src\OgreLight.cpp">
      <Filter>Source Files</Filter>
    </ClCompile>
    <ClCompile Include="src\OgreLodStrategy.cpp">
      <Filter>Source Files</Filter>
    </ClCompile>
    <ClCompile Include="src\OgreLodStrategyManager.cpp">
      <Filter>Source Files</Filter>
    </ClCompile>
    <ClCompile Include="src\OgreLog.cpp">
      <Filter>Source Files</Filter>
    </ClCompile>
    <ClCompile Include="src\OgreLogManager.cpp">
      <Filter>Source Files</Filter>
    </ClCompile>
    <ClCompile Include="src\OgreManualObject.cpp">
      <Filter>Source Files</Filter>
    </ClCompile>
    <ClCompile Include="src\OgreMaterial.cpp">
      <Filter>Source Files</Filter>
    </ClCompile>
    <ClCompile Include="src\OgreMaterialManager.cpp">
      <Filter>Source Files</Filter>
    </ClCompile>
    <ClCompile Include="src\OgreMaterialSerializer.cpp">
      <Filter>Source Files</Filter>
    </ClCompile>
    <ClCompile Include="src\OgreMath.cpp">
      <Filter>Source Files</Filter>
    </ClCompile>
    <ClCompile Include="src\OgreMatrix3.cpp">
      <Filter>Source Files</Filter>
    </ClCompile>
    <ClCompile Include="src\OgreMatrix4.cpp">
      <Filter>Source Files</Filter>
    </ClCompile>
    <ClCompile Include="src\OgreMemoryAllocatedObject.cpp">
      <Filter>Source Files</Filter>
    </ClCompile>
    <ClCompile Include="src\OgreMemoryNedAlloc.cpp">
      <Filter>Source Files</Filter>
    </ClCompile>
    <ClCompile Include="src\OgreMemoryNedPooling.cpp">
      <Filter>Source Files</Filter>
    </ClCompile>
    <ClCompile Include="src\OgreMemoryTracker.cpp">
      <Filter>Source Files</Filter>
    </ClCompile>
    <ClCompile Include="src\OgreMesh.cpp">
      <Filter>Source Files</Filter>
    </ClCompile>
    <ClCompile Include="src\OgreMeshManager.cpp">
      <Filter>Source Files</Filter>
    </ClCompile>
    <ClCompile Include="src\OgreMeshSerializer.cpp">
      <Filter>Source Files</Filter>
    </ClCompile>
    <ClCompile Include="src\OgreMeshSerializerImpl.cpp">
      <Filter>Source Files</Filter>
    </ClCompile>
    <ClCompile Include="src\OgreMovableObject.cpp">
      <Filter>Source Files</Filter>
    </ClCompile>
    <ClCompile Include="src\OgreMovablePlane.cpp">
      <Filter>Source Files</Filter>
    </ClCompile>
    <ClCompile Include="src\OgreNode.cpp">
      <Filter>Source Files</Filter>
    </ClCompile>
    <ClCompile Include="src\OgreNumerics.cpp">
      <Filter>Source Files</Filter>
    </ClCompile>
    <ClCompile Include="src\OgreOptimisedUtil.cpp">
      <Filter>Source Files</Filter>
    </ClCompile>
    <ClCompile Include="src\OgreOptimisedUtilGeneral.cpp">
      <Filter>Source Files</Filter>
    </ClCompile>
    <ClCompile Include="src\OgreOptimisedUtilSSE.cpp">
      <Filter>Source Files</Filter>
    </ClCompile>
    <ClCompile Include="src\OgreOverlay.cpp">
      <Filter>Source Files</Filter>
    </ClCompile>
    <ClCompile Include="src\OgreOverlayContainer.cpp">
      <Filter>Source Files</Filter>
    </ClCompile>
    <ClCompile Include="src\OgreOverlayElement.cpp">
      <Filter>Source Files</Filter>
    </ClCompile>
    <ClCompile Include="src\OgreOverlayElementCommands.cpp">
      <Filter>Source Files</Filter>
    </ClCompile>
    <ClCompile Include="src\OgreOverlayElementFactory.cpp">
      <Filter>Source Files</Filter>
    </ClCompile>
    <ClCompile Include="src\OgreOverlayManager.cpp">
      <Filter>Source Files</Filter>
    </ClCompile>
    <ClCompile Include="src\OgrePanelOverlayElement.cpp">
      <Filter>Source Files</Filter>
    </ClCompile>
    <ClCompile Include="src\OgreParticle.cpp">
      <Filter>Source Files</Filter>
    </ClCompile>
    <ClCompile Include="src\OgreParticleEmitter.cpp">
      <Filter>Source Files</Filter>
    </ClCompile>
    <ClCompile Include="src\OgreParticleEmitterCommands.cpp">
      <Filter>Source Files</Filter>
    </ClCompile>
    <ClCompile Include="src\OgreParticleIterator.cpp">
      <Filter>Source Files</Filter>
    </ClCompile>
    <ClCompile Include="src\OgreParticleScriptCompiler.cpp">
      <Filter>Source Files</Filter>
    </ClCompile>
    <ClCompile Include="src\OgreParticleSystem.cpp">
      <Filter>Source Files</Filter>
    </ClCompile>
    <ClCompile Include="src\OgreParticleSystemManager.cpp">
      <Filter>Source Files</Filter>
    </ClCompile>
    <ClCompile Include="src\OgrePass.cpp">
      <Filter>Source Files</Filter>
    </ClCompile>
    <ClCompile Include="src\OgrePatchMesh.cpp">
      <Filter>Source Files</Filter>
    </ClCompile>
    <ClCompile Include="src\OgrePatchSurface.cpp">
      <Filter>Source Files</Filter>
    </ClCompile>
    <ClCompile Include="src\OgrePixelCountLodStrategy.cpp">
      <Filter>Source Files</Filter>
    </ClCompile>
    <ClCompile Include="src\OgrePixelFormat.cpp">
      <Filter>Source Files</Filter>
    </ClCompile>
    <ClCompile Include="src\OgrePlane.cpp">
      <Filter>Source Files</Filter>
    </ClCompile>
    <ClCompile Include="src\OgrePlatformInformation.cpp">
      <Filter>Source Files</Filter>
    </ClCompile>
    <ClCompile Include="src\OgrePolygon.cpp">
      <Filter>Source Files</Filter>
    </ClCompile>
    <ClCompile Include="src\OgrePose.cpp">
      <Filter>Source Files</Filter>
    </ClCompile>
    <ClCompile Include="src\OgrePrecompiledHeaders.cpp">
      <Filter>Source Files</Filter>
    </ClCompile>
    <ClCompile Include="src\OgrePredefinedControllers.cpp">
      <Filter>Source Files</Filter>
    </ClCompile>
    <ClCompile Include="src\OgrePrefabFactory.cpp">
      <Filter>Source Files</Filter>
    </ClCompile>
    <ClCompile Include="src\OgreProfiler.cpp">
      <Filter>Source Files</Filter>
    </ClCompile>
    <ClCompile Include="src\OgreProgressiveMesh.cpp">
      <Filter>Source Files</Filter>
    </ClCompile>
    <ClCompile Include="src\OgrePVRTCCodec.cpp">
      <Filter>Source Files</Filter>
    </ClCompile>
    <ClCompile Include="src\OgreQuaternion.cpp">
      <Filter>Source Files</Filter>
    </ClCompile>
    <ClCompile Include="src\OgreRectangle2D.cpp">
      <Filter>Source Files</Filter>
    </ClCompile>
    <ClCompile Include="src\OgreRenderQueue.cpp">
      <Filter>Source Files</Filter>
    </ClCompile>
    <ClCompile Include="src\OgreRenderQueueInvocation.cpp">
      <Filter>Source Files</Filter>
    </ClCompile>
    <ClCompile Include="src\OgreRenderQueueSortingGrouping.cpp">
      <Filter>Source Files</Filter>
    </ClCompile>
    <ClCompile Include="src\OgreRenderSystem.cpp">
      <Filter>Source Files</Filter>
    </ClCompile>
    <ClCompile Include="src\OgreRenderSystemCapabilities.cpp">
      <Filter>Source Files</Filter>
    </ClCompile>
    <ClCompile Include="src\OgreRenderSystemCapabilitiesManager.cpp">
      <Filter>Source Files</Filter>
    </ClCompile>
    <ClCompile Include="src\OgreRenderSystemCapabilitiesSerializer.cpp">
      <Filter>Source Files</Filter>
    </ClCompile>
    <ClCompile Include="src\OgreRenderTarget.cpp">
      <Filter>Source Files</Filter>
    </ClCompile>
    <ClCompile Include="src\OgreRenderTexture.cpp">
      <Filter>Source Files</Filter>
    </ClCompile>
    <ClCompile Include="src\OgreRenderToVertexBuffer.cpp">
      <Filter>Source Files</Filter>
    </ClCompile>
    <ClCompile Include="src\OgreRenderWindow.cpp">
      <Filter>Source Files</Filter>
    </ClCompile>
    <ClCompile Include="src\OgreResource.cpp">
      <Filter>Source Files</Filter>
    </ClCompile>
    <ClCompile Include="src\OgreResourceBackgroundQueue.cpp">
      <Filter>Source Files</Filter>
    </ClCompile>
    <ClCompile Include="src\OgreResourceGroupManager.cpp">
      <Filter>Source Files</Filter>
    </ClCompile>
    <ClCompile Include="src\OgreResourceManager.cpp">
      <Filter>Source Files</Filter>
    </ClCompile>
    <ClCompile Include="src\OgreRibbonTrail.cpp">
      <Filter>Source Files</Filter>
    </ClCompile>
    <ClCompile Include="src\OgreRoot.cpp">
      <Filter>Source Files</Filter>
    </ClCompile>
    <ClCompile Include="src\OgreRotationSpline.cpp">
      <Filter>Source Files</Filter>
    </ClCompile>
    <ClCompile Include="src\OgreSceneManager.cpp">
      <Filter>Source Files</Filter>
    </ClCompile>
    <ClCompile Include="src\OgreSceneManagerEnumerator.cpp">
      <Filter>Source Files</Filter>
    </ClCompile>
    <ClCompile Include="src\OgreSceneNode.cpp">
      <Filter>Source Files</Filter>
    </ClCompile>
    <ClCompile Include="src\OgreSceneQuery.cpp">
      <Filter>Source Files</Filter>
    </ClCompile>
    <ClCompile Include="src\OgreScriptCompiler.cpp">
      <Filter>Source Files</Filter>
    </ClCompile>
    <ClCompile Include="src\OgreScriptLexer.cpp">
      <Filter>Source Files</Filter>
    </ClCompile>
    <ClCompile Include="src\OgreScriptParser.cpp">
      <Filter>Source Files</Filter>
    </ClCompile>
    <ClCompile Include="src\OgreScriptTranslator.cpp">
      <Filter>Source Files</Filter>
    </ClCompile>
    <ClCompile Include="src\OgreSearchOps.cpp">
      <Filter>Source Files</Filter>
    </ClCompile>
    <ClCompile Include="src\OgreSerializer.cpp">
      <Filter>Source Files</Filter>
    </ClCompile>
    <ClCompile Include="src\OgreShadowCameraSetup.cpp">
      <Filter>Source Files</Filter>
    </ClCompile>
    <ClCompile Include="src\OgreShadowCameraSetupFocused.cpp">
      <Filter>Source Files</Filter>
    </ClCompile>
    <ClCompile Include="src\OgreShadowCameraSetupLiSPSM.cpp">
      <Filter>Source Files</Filter>
    </ClCompile>
    <ClCompile Include="src\OgreShadowCameraSetupPlaneOptimal.cpp">
      <Filter>Source Files</Filter>
    </ClCompile>
    <ClCompile Include="src\OgreShadowCameraSetupPSSM.cpp">
      <Filter>Source Files</Filter>
    </ClCompile>
    <ClCompile Include="src\OgreShadowCaster.cpp">
      <Filter>Source Files</Filter>
    </ClCompile>
    <ClCompile Include="src\OgreShadowTextureManager.cpp">
      <Filter>Source Files</Filter>
    </ClCompile>
    <ClCompile Include="src\OgreShadowVolumeExtrudeProgram.cpp">
      <Filter>Source Files</Filter>
    </ClCompile>
    <ClCompile Include="src\OgreSimpleRenderable.cpp">
      <Filter>Source Files</Filter>
    </ClCompile>
    <ClCompile Include="src\OgreSimpleSpline.cpp">
      <Filter>Source Files</Filter>
    </ClCompile>
    <ClCompile Include="src\OgreSkeleton.cpp">
      <Filter>Source Files</Filter>
    </ClCompile>
    <ClCompile Include="src\OgreSkeletonInstance.cpp">
      <Filter>Source Files</Filter>
    </ClCompile>
    <ClCompile Include="src\OgreSkeletonManager.cpp">
      <Filter>Source Files</Filter>
    </ClCompile>
    <ClCompile Include="src\OgreSkeletonSerializer.cpp">
      <Filter>Source Files</Filter>
    </ClCompile>
    <ClCompile Include="src\OgreStaticGeometry.cpp">
      <Filter>Source Files</Filter>
    </ClCompile>
    <ClCompile Include="src\OgreStreamSerialiser.cpp">
      <Filter>Source Files</Filter>
    </ClCompile>
    <ClCompile Include="src\OgreString.cpp">
      <Filter>Source Files</Filter>
    </ClCompile>
    <ClCompile Include="src\OgreStringConverter.cpp">
      <Filter>Source Files</Filter>
    </ClCompile>
    <ClCompile Include="src\OgreStringInterface.cpp">
      <Filter>Source Files</Filter>
    </ClCompile>
    <ClCompile Include="src\OgreSubEntity.cpp">
      <Filter>Source Files</Filter>
    </ClCompile>
    <ClCompile Include="src\OgreSubMesh.cpp">
      <Filter>Source Files</Filter>
    </ClCompile>
    <ClCompile Include="src\OgreTagPoint.cpp">
      <Filter>Source Files</Filter>
    </ClCompile>
    <ClCompile Include="src\OgreTangentSpaceCalc.cpp">
      <Filter>Source Files</Filter>
    </ClCompile>
    <ClCompile Include="src\OgreTechnique.cpp">
      <Filter>Source Files</Filter>
    </ClCompile>
    <ClCompile Include="src\OgreTextAreaOverlayElement.cpp">
      <Filter>Source Files</Filter>
    </ClCompile>
    <ClCompile Include="src\OgreTexture.cpp">
      <Filter>Source Files</Filter>
    </ClCompile>
    <ClCompile Include="src\OgreTextureManager.cpp">
      <Filter>Source Files</Filter>
    </ClCompile>
    <ClCompile Include="src\OgreTextureUnitState.cpp">
      <Filter>Source Files</Filter>
    </ClCompile>
    <ClCompile Include="src\OgreUnifiedHighLevelGpuProgram.cpp">
      <Filter>Source Files</Filter>
    </ClCompile>
    <ClCompile Include="src\OgreUserObjectBindings.cpp">
      <Filter>Source Files</Filter>
    </ClCompile>
    <ClCompile Include="src\OgreUTFString.cpp">
      <Filter>Source Files</Filter>
    </ClCompile>
    <ClCompile Include="src\OgreVector2.cpp">
      <Filter>Source Files</Filter>
    </ClCompile>
    <ClCompile Include="src\OgreVector3.cpp">
      <Filter>Source Files</Filter>
    </ClCompile>
    <ClCompile Include="src\OgreVector4.cpp">
      <Filter>Source Files</Filter>
    </ClCompile>
    <ClCompile Include="src\OgreVertexIndexData.cpp">
      <Filter>Source Files</Filter>
    </ClCompile>
    <ClCompile Include="src\OgreViewport.cpp">
      <Filter>Source Files</Filter>
    </ClCompile>
    <ClCompile Include="src\OgreWindowEventUtilities.cpp">
      <Filter>Source Files</Filter>
    </ClCompile>
    <ClCompile Include="src\OgreWireBoundingBox.cpp">
      <Filter>Source Files</Filter>
    </ClCompile>
    <ClCompile Include="src\OgreWorkQueue.cpp">
      <Filter>Source Files</Filter>
    </ClCompile>
    <ClCompile Include="src\OgreZip.cpp">
      <Filter>Source Files</Filter>
    </ClCompile>
    <ClCompile Include="src\Threading\OgreDefaultWorkQueueTBB.cpp">
      <Filter>Source Files\Threading</Filter>
    </ClCompile>
    <ClCompile Include="src\Threading\OgreDefaultWorkQueueStandard.cpp">
      <Filter>Source Files\Threading</Filter>
    </ClCompile>
    <ClCompile Include="src\WIN32\OgreConfigDialog.cpp">
      <Filter>Source Files\Win32</Filter>
    </ClCompile>
    <ClCompile Include="src\WIN32\OgreErrorDialog.cpp">
      <Filter>Source Files\Win32</Filter>
    </ClCompile>
    <ClCompile Include="src\WIN32\OgreTimer.cpp">
      <Filter>Source Files\Win32</Filter>
    </ClCompile>
    <ClCompile Include="src\WIN32\OgreMinGWSupport.cpp">
      <Filter>Source Files\Win32</Filter>
    </ClCompile>
    <ClCompile Include="src\Android\OgreConfigDialog.cpp">
      <Filter>Source Files\Android</Filter>
    </ClCompile>
    <ClCompile Include="src\Android\OgreErrorDialog.cpp">
      <Filter>Source Files\Android</Filter>
    </ClCompile>
    <ClCompile Include="src\Android\OgreTimer.cpp">
      <Filter>Source Files\Android</Filter>
    </ClCompile>
    <ClCompile Include="src\GLX\OgreConfigDialog.cpp">
      <Filter>Source Files\GLX</Filter>
    </ClCompile>
    <ClCompile Include="src\GLX\OgreErrorDialog.cpp">
      <Filter>Source Files\GLX</Filter>
    </ClCompile>
    <ClCompile Include="src\GLX\OgreTimer.cpp">
      <Filter>Source Files\GLX</Filter>
    </ClCompile>
    <ClCompile Include="src\gtk\OgreConfigDialog.cpp">
      <Filter>Source Files\gtk</Filter>
    </ClCompile>
    <ClCompile Include="src\gtk\OgreErrorDialog.cpp">
      <Filter>Source Files\gtk</Filter>
    </ClCompile>
    <ClCompile Include="src\iOS\OgreConfigDialog.cpp">
      <Filter>Source Files\iOS</Filter>
    </ClCompile>
    <ClCompile Include="src\iOS\OgreErrorDialog.cpp">
      <Filter>Source Files\iOS</Filter>
    </ClCompile>
    <ClCompile Include="src\iOS\OgreTimer.cpp">
      <Filter>Source Files\iOS</Filter>
    </ClCompile>
    <ClCompile Include="src\NaCl\OgreConfigDialog.cpp">
      <Filter>Source Files\NaCl</Filter>
    </ClCompile>
    <ClCompile Include="src\NaCl\OgreErrorDialog.cpp">
      <Filter>Source Files\NaCl</Filter>
    </ClCompile>
    <ClCompile Include="src\NaCl\OgreTimer.cpp">
      <Filter>Source Files\NaCl</Filter>
    </ClCompile>
    <ClCompile Include="src\nedmalloc\nedmalloc.c">
      <Filter>Source Files\nedmalloc</Filter>
    </ClCompile>
    <ClCompile Include="src\OSX\macUtils.cpp">
      <Filter>Source Files\OSX</Filter>
    </ClCompile>
    <ClCompile Include="src\OSX\OgreConfigDialog.cpp">
      <Filter>Source Files\OSX</Filter>
    </ClCompile>
    <ClCompile Include="src\OSX\OgreTimer.cpp">
      <Filter>Source Files\OSX</Filter>
    </ClCompile>
    <ClCompile Include="src\OgreDeflate.cpp">
      <Filter>Source Files</Filter>
    </ClCompile>
    <ClCompile Include="src\OgreDepthBuffer.cpp">
      <Filter>Source Files</Filter>
    </ClCompile>
    <ClCompile Include="src\OgreDualQuaternion.cpp">
      <Filter>Source Files</Filter>
    </ClCompile>
    <ClCompile Include="src\OgreInstanceBatch.cpp">
      <Filter>Source Files</Filter>
    </ClCompile>
    <ClCompile Include="src\OgreInstanceBatchHW.cpp">
      <Filter>Source Files</Filter>
    </ClCompile>
    <ClCompile Include="src\OgreInstanceBatchHW_VTF.cpp">
      <Filter>Source Files</Filter>
    </ClCompile>
    <ClCompile Include="src\OgreInstanceBatchShader.cpp">
      <Filter>Source Files</Filter>
    </ClCompile>
    <ClCompile Include="src\OgreInstanceBatchVTF.cpp">
      <Filter>Source Files</Filter>
    </ClCompile>
    <ClCompile Include="src\OgreInstancedEntity.cpp">
      <Filter>Source Files</Filter>
    </ClCompile>
    <ClCompile Include="src\OgreInstanceManager.cpp">
      <Filter>Source Files</Filter>
    </ClCompile>
    <ClCompile Include="src\OgreSmallVector.cpp">
      <Filter>Source Files</Filter>
    </ClCompile>
    <ClCompile Include="src\OgreStringSerialiser.cpp">
      <Filter>Source Files</Filter>
    </ClCompile>
  </ItemGroup>
  <ItemGroup>
    <ResourceCompile Include="src\WIN32\OgreWin32Resources.rc">
      <Filter>Resources</Filter>
    </ResourceCompile>
  </ItemGroup>
  <ItemGroup>
    <None Include="src\ogremain.map">
      <Filter>Source Files</Filter>
    </None>
  </ItemGroup>
</Project>